// !$*UTF8*$!
{
	archiveVersion = 1;
	classes = {
	};
	objectVersion = 56;
	objects = {

/* Begin PBXBuildFile section */
		5D7B9E9DF4B6A2C50C686CDB /* Pods_MyWaste_MyWasteUITests.framework in Frameworks */ = {isa = PBXBuildFile; fileRef = A54C189059B1C47416AA2095 /* Pods_MyWaste_MyWasteUITests.framework */; };
		865A960229A5015F002963BC /* CollectionDayView.swift in Sources */ = {isa = PBXBuildFile; fileRef = 865A960129A5015F002963BC /* CollectionDayView.swift */; };
		865A960429A507E3002963BC /* CollectionDayViewInfo.swift in Sources */ = {isa = PBXBuildFile; fileRef = 865A960329A507E3002963BC /* CollectionDayViewInfo.swift */; };
		865A960729A53118002963BC /* CollectionBinView.swift in Sources */ = {isa = PBXBuildFile; fileRef = 865A960629A53118002963BC /* CollectionBinView.swift */; };
		865A960929A5384F002963BC /* CalendarView.swift in Sources */ = {isa = PBXBuildFile; fileRef = 865A960829A5384F002963BC /* CalendarView.swift */; };
		86EDAFC129A3D79C002B1738 /* AppDelegate.swift in Sources */ = {isa = PBXBuildFile; fileRef = 86EDAFC029A3D79C002B1738 /* AppDelegate.swift */; };
		86EDAFC329A3D79C002B1738 /* SceneDelegate.swift in Sources */ = {isa = PBXBuildFile; fileRef = 86EDAFC229A3D79C002B1738 /* SceneDelegate.swift */; };
		86EDAFC529A3D79C002B1738 /* ViewController.swift in Sources */ = {isa = PBXBuildFile; fileRef = 86EDAFC429A3D79C002B1738 /* ViewController.swift */; };
		86EDAFCA29A3D7A0002B1738 /* Assets.xcassets in Resources */ = {isa = PBXBuildFile; fileRef = 86EDAFC929A3D7A0002B1738 /* Assets.xcassets */; };
		86EDAFCD29A3D7A0002B1738 /* LaunchScreen.storyboard in Resources */ = {isa = PBXBuildFile; fileRef = 86EDAFCB29A3D7A0002B1738 /* LaunchScreen.storyboard */; };
		86EDAFD829A3D7A1002B1738 /* MyWasteTests.swift in Sources */ = {isa = PBXBuildFile; fileRef = 86EDAFD729A3D7A1002B1738 /* MyWasteTests.swift */; };
		86EDAFE229A3D7A1002B1738 /* MyWasteUITests.swift in Sources */ = {isa = PBXBuildFile; fileRef = 86EDAFE129A3D7A1002B1738 /* MyWasteUITests.swift */; };
		86EDAFE429A3D7A1002B1738 /* MyWasteUITestsLaunchTests.swift in Sources */ = {isa = PBXBuildFile; fileRef = 86EDAFE329A3D7A1002B1738 /* MyWasteUITestsLaunchTests.swift */; };
		86EDAFF129A422C6002B1738 /* BinCollectionViewCell.swift in Sources */ = {isa = PBXBuildFile; fileRef = 86EDAFF029A422C6002B1738 /* BinCollectionViewCell.swift */; };
		86EDAFF329A42F17002B1738 /* AddBinViewController.swift in Sources */ = {isa = PBXBuildFile; fileRef = 86EDAFF229A42F17002B1738 /* AddBinViewController.swift */; };
		D2834EDF99464387383A9618 /* Pods_MyWaste_MyWasteTests.framework in Frameworks */ = {isa = PBXBuildFile; fileRef = B841D770E241151C3315AE87 /* Pods_MyWaste_MyWasteTests.framework */; };
		F76BF9E3822D0F37EB81D54E /* Pods_MyWaste.framework in Frameworks */ = {isa = PBXBuildFile; fileRef = 0EAD30546CCF95FDA0D1FBCF /* Pods_MyWaste.framework */; };
/* End PBXBuildFile section */

/* Begin PBXContainerItemProxy section */
		86EDAFD429A3D7A1002B1738 /* PBXContainerItemProxy */ = {
			isa = PBXContainerItemProxy;
			containerPortal = 86EDAFB529A3D79C002B1738 /* Project object */;
			proxyType = 1;
			remoteGlobalIDString = 86EDAFBC29A3D79C002B1738;
			remoteInfo = MyWaste;
		};
		86EDAFDE29A3D7A1002B1738 /* PBXContainerItemProxy */ = {
			isa = PBXContainerItemProxy;
			containerPortal = 86EDAFB529A3D79C002B1738 /* Project object */;
			proxyType = 1;
			remoteGlobalIDString = 86EDAFBC29A3D79C002B1738;
			remoteInfo = MyWaste;
		};
/* End PBXContainerItemProxy section */

/* Begin PBXFileReference section */
		0EAD30546CCF95FDA0D1FBCF /* Pods_MyWaste.framework */ = {isa = PBXFileReference; explicitFileType = wrapper.framework; includeInIndex = 0; path = Pods_MyWaste.framework; sourceTree = BUILT_PRODUCTS_DIR; };
		1919AAE013D9690D22E008B7 /* Pods-MyWaste-MyWasteTests.release.xcconfig */ = {isa = PBXFileReference; includeInIndex = 1; lastKnownFileType = text.xcconfig; name = "Pods-MyWaste-MyWasteTests.release.xcconfig"; path = "Target Support Files/Pods-MyWaste-MyWasteTests/Pods-MyWaste-MyWasteTests.release.xcconfig"; sourceTree = "<group>"; };
		1F3286B7CC4C2DF2D9B1241B /* Pods-MyWaste.debug.xcconfig */ = {isa = PBXFileReference; includeInIndex = 1; lastKnownFileType = text.xcconfig; name = "Pods-MyWaste.debug.xcconfig"; path = "Target Support Files/Pods-MyWaste/Pods-MyWaste.debug.xcconfig"; sourceTree = "<group>"; };
		42D88A96F99467C5ED4C512B /* Pods-MyWaste-MyWasteUITests.debug.xcconfig */ = {isa = PBXFileReference; includeInIndex = 1; lastKnownFileType = text.xcconfig; name = "Pods-MyWaste-MyWasteUITests.debug.xcconfig"; path = "Target Support Files/Pods-MyWaste-MyWasteUITests/Pods-MyWaste-MyWasteUITests.debug.xcconfig"; sourceTree = "<group>"; };
		865A960129A5015F002963BC /* CollectionDayView.swift */ = {isa = PBXFileReference; lastKnownFileType = sourcecode.swift; path = CollectionDayView.swift; sourceTree = "<group>"; };
		865A960329A507E3002963BC /* CollectionDayViewInfo.swift */ = {isa = PBXFileReference; lastKnownFileType = sourcecode.swift; path = CollectionDayViewInfo.swift; sourceTree = "<group>"; };
		865A960629A53118002963BC /* CollectionBinView.swift */ = {isa = PBXFileReference; lastKnownFileType = sourcecode.swift; path = CollectionBinView.swift; sourceTree = "<group>"; };
		865A960829A5384F002963BC /* CalendarView.swift */ = {isa = PBXFileReference; lastKnownFileType = sourcecode.swift; path = CalendarView.swift; sourceTree = "<group>"; };
		86EDAFBD29A3D79C002B1738 /* MyWaste.app */ = {isa = PBXFileReference; explicitFileType = wrapper.application; includeInIndex = 0; path = MyWaste.app; sourceTree = BUILT_PRODUCTS_DIR; };
		86EDAFC029A3D79C002B1738 /* AppDelegate.swift */ = {isa = PBXFileReference; lastKnownFileType = sourcecode.swift; path = AppDelegate.swift; sourceTree = "<group>"; };
		86EDAFC229A3D79C002B1738 /* SceneDelegate.swift */ = {isa = PBXFileReference; lastKnownFileType = sourcecode.swift; path = SceneDelegate.swift; sourceTree = "<group>"; };
		86EDAFC429A3D79C002B1738 /* ViewController.swift */ = {isa = PBXFileReference; lastKnownFileType = sourcecode.swift; path = ViewController.swift; sourceTree = "<group>"; };
		86EDAFC929A3D7A0002B1738 /* Assets.xcassets */ = {isa = PBXFileReference; lastKnownFileType = folder.assetcatalog; path = Assets.xcassets; sourceTree = "<group>"; };
		86EDAFCC29A3D7A0002B1738 /* Base */ = {isa = PBXFileReference; lastKnownFileType = file.storyboard; name = Base; path = Base.lproj/LaunchScreen.storyboard; sourceTree = "<group>"; };
		86EDAFCE29A3D7A0002B1738 /* Info.plist */ = {isa = PBXFileReference; lastKnownFileType = text.plist.xml; path = Info.plist; sourceTree = "<group>"; };
		86EDAFD329A3D7A1002B1738 /* MyWasteTests.xctest */ = {isa = PBXFileReference; explicitFileType = wrapper.cfbundle; includeInIndex = 0; path = MyWasteTests.xctest; sourceTree = BUILT_PRODUCTS_DIR; };
		86EDAFD729A3D7A1002B1738 /* MyWasteTests.swift */ = {isa = PBXFileReference; lastKnownFileType = sourcecode.swift; path = MyWasteTests.swift; sourceTree = "<group>"; };
		86EDAFDD29A3D7A1002B1738 /* MyWasteUITests.xctest */ = {isa = PBXFileReference; explicitFileType = wrapper.cfbundle; includeInIndex = 0; path = MyWasteUITests.xctest; sourceTree = BUILT_PRODUCTS_DIR; };
		86EDAFE129A3D7A1002B1738 /* MyWasteUITests.swift */ = {isa = PBXFileReference; lastKnownFileType = sourcecode.swift; path = MyWasteUITests.swift; sourceTree = "<group>"; };
		86EDAFE329A3D7A1002B1738 /* MyWasteUITestsLaunchTests.swift */ = {isa = PBXFileReference; lastKnownFileType = sourcecode.swift; path = MyWasteUITestsLaunchTests.swift; sourceTree = "<group>"; };
		86EDAFF029A422C6002B1738 /* BinCollectionViewCell.swift */ = {isa = PBXFileReference; lastKnownFileType = sourcecode.swift; path = BinCollectionViewCell.swift; sourceTree = "<group>"; };
		86EDAFF229A42F17002B1738 /* AddBinViewController.swift */ = {isa = PBXFileReference; lastKnownFileType = sourcecode.swift; path = AddBinViewController.swift; sourceTree = "<group>"; };
		A54C189059B1C47416AA2095 /* Pods_MyWaste_MyWasteUITests.framework */ = {isa = PBXFileReference; explicitFileType = wrapper.framework; includeInIndex = 0; path = Pods_MyWaste_MyWasteUITests.framework; sourceTree = BUILT_PRODUCTS_DIR; };
		B841D770E241151C3315AE87 /* Pods_MyWaste_MyWasteTests.framework */ = {isa = PBXFileReference; explicitFileType = wrapper.framework; includeInIndex = 0; path = Pods_MyWaste_MyWasteTests.framework; sourceTree = BUILT_PRODUCTS_DIR; };
		DD9E3E8C0196FD1D89584EF7 /* Pods-MyWaste-MyWasteTests.debug.xcconfig */ = {isa = PBXFileReference; includeInIndex = 1; lastKnownFileType = text.xcconfig; name = "Pods-MyWaste-MyWasteTests.debug.xcconfig"; path = "Target Support Files/Pods-MyWaste-MyWasteTests/Pods-MyWaste-MyWasteTests.debug.xcconfig"; sourceTree = "<group>"; };
		E6C6BB50A28FB0FFF52FD1BF /* Pods-MyWaste-MyWasteUITests.release.xcconfig */ = {isa = PBXFileReference; includeInIndex = 1; lastKnownFileType = text.xcconfig; name = "Pods-MyWaste-MyWasteUITests.release.xcconfig"; path = "Target Support Files/Pods-MyWaste-MyWasteUITests/Pods-MyWaste-MyWasteUITests.release.xcconfig"; sourceTree = "<group>"; };
		EA8E0A5073B1E838B4F0977F /* Pods-MyWaste.release.xcconfig */ = {isa = PBXFileReference; includeInIndex = 1; lastKnownFileType = text.xcconfig; name = "Pods-MyWaste.release.xcconfig"; path = "Target Support Files/Pods-MyWaste/Pods-MyWaste.release.xcconfig"; sourceTree = "<group>"; };
/* End PBXFileReference section */

/* Begin PBXFrameworksBuildPhase section */
		86EDAFBA29A3D79C002B1738 /* Frameworks */ = {
			isa = PBXFrameworksBuildPhase;
			buildActionMask = 2147483647;
			files = (
				F76BF9E3822D0F37EB81D54E /* Pods_MyWaste.framework in Frameworks */,
			);
			runOnlyForDeploymentPostprocessing = 0;
		};
		86EDAFD029A3D7A0002B1738 /* Frameworks */ = {
			isa = PBXFrameworksBuildPhase;
			buildActionMask = 2147483647;
			files = (
				D2834EDF99464387383A9618 /* Pods_MyWaste_MyWasteTests.framework in Frameworks */,
			);
			runOnlyForDeploymentPostprocessing = 0;
		};
		86EDAFDA29A3D7A1002B1738 /* Frameworks */ = {
			isa = PBXFrameworksBuildPhase;
			buildActionMask = 2147483647;
			files = (
				5D7B9E9DF4B6A2C50C686CDB /* Pods_MyWaste_MyWasteUITests.framework in Frameworks */,
			);
			runOnlyForDeploymentPostprocessing = 0;
		};
/* End PBXFrameworksBuildPhase section */

/* Begin PBXGroup section */
		07933F054CECA274DE579C58 /* Pods */ = {
			isa = PBXGroup;
			children = (
				1F3286B7CC4C2DF2D9B1241B /* Pods-MyWaste.debug.xcconfig */,
				EA8E0A5073B1E838B4F0977F /* Pods-MyWaste.release.xcconfig */,
				DD9E3E8C0196FD1D89584EF7 /* Pods-MyWaste-MyWasteTests.debug.xcconfig */,
				1919AAE013D9690D22E008B7 /* Pods-MyWaste-MyWasteTests.release.xcconfig */,
				42D88A96F99467C5ED4C512B /* Pods-MyWaste-MyWasteUITests.debug.xcconfig */,
				E6C6BB50A28FB0FFF52FD1BF /* Pods-MyWaste-MyWasteUITests.release.xcconfig */,
			);
			path = Pods;
			sourceTree = "<group>";
		};
		41E1CF59ED8F2053EF7A83D9 /* Frameworks */ = {
			isa = PBXGroup;
			children = (
				0EAD30546CCF95FDA0D1FBCF /* Pods_MyWaste.framework */,
				B841D770E241151C3315AE87 /* Pods_MyWaste_MyWasteTests.framework */,
				A54C189059B1C47416AA2095 /* Pods_MyWaste_MyWasteUITests.framework */,
			);
			name = Frameworks;
			sourceTree = "<group>";
		};
		865A960529A530AC002963BC /* Model */ = {
			isa = PBXGroup;
			children = (
				865A960329A507E3002963BC /* CollectionDayViewInfo.swift */,
			);
			path = Model;
			sourceTree = "<group>";
		};
		86EDAFB429A3D79C002B1738 = {
			isa = PBXGroup;
			children = (
				86EDAFBF29A3D79C002B1738 /* MyWaste */,
				86EDAFD629A3D7A1002B1738 /* MyWasteTests */,
				86EDAFE029A3D7A1002B1738 /* MyWasteUITests */,
				86EDAFBE29A3D79C002B1738 /* Products */,
				07933F054CECA274DE579C58 /* Pods */,
				41E1CF59ED8F2053EF7A83D9 /* Frameworks */,
			);
			sourceTree = "<group>";
		};
		86EDAFBE29A3D79C002B1738 /* Products */ = {
			isa = PBXGroup;
			children = (
				86EDAFBD29A3D79C002B1738 /* MyWaste.app */,
				86EDAFD329A3D7A1002B1738 /* MyWasteTests.xctest */,
				86EDAFDD29A3D7A1002B1738 /* MyWasteUITests.xctest */,
			);
			name = Products;
			sourceTree = "<group>";
		};
		86EDAFBF29A3D79C002B1738 /* MyWaste */ = {
			isa = PBXGroup;
			children = (
				86EDAFF629A43AF7002B1738 /* App */,
				865A960529A530AC002963BC /* Model */,
				86EDAFF429A43A96002B1738 /* View */,
				86EDAFF529A43AC8002B1738 /* Supporting files */,
				86EDAFCE29A3D7A0002B1738 /* Info.plist */,
			);
			path = MyWaste;
			sourceTree = "<group>";
		};
		86EDAFD629A3D7A1002B1738 /* MyWasteTests */ = {
			isa = PBXGroup;
			children = (
				86EDAFD729A3D7A1002B1738 /* MyWasteTests.swift */,
			);
			path = MyWasteTests;
			sourceTree = "<group>";
		};
		86EDAFE029A3D7A1002B1738 /* MyWasteUITests */ = {
			isa = PBXGroup;
			children = (
				86EDAFE129A3D7A1002B1738 /* MyWasteUITests.swift */,
				86EDAFE329A3D7A1002B1738 /* MyWasteUITestsLaunchTests.swift */,
			);
			path = MyWasteUITests;
			sourceTree = "<group>";
		};
		86EDAFF429A43A96002B1738 /* View */ = {
			isa = PBXGroup;
			children = (
				86EDAFC429A3D79C002B1738 /* ViewController.swift */,
				86EDAFF229A42F17002B1738 /* AddBinViewController.swift */,
				86EDAFF029A422C6002B1738 /* BinCollectionViewCell.swift */,
				865A960629A53118002963BC /* CollectionBinView.swift */,
				865A960129A5015F002963BC /* CollectionDayView.swift */,
				865A960829A5384F002963BC /* CalendarView.swift */,
			);
			path = View;
			sourceTree = "<group>";
		};
		86EDAFF529A43AC8002B1738 /* Supporting files */ = {
			isa = PBXGroup;
			children = (
				86EDAFC929A3D7A0002B1738 /* Assets.xcassets */,
				86EDAFCB29A3D7A0002B1738 /* LaunchScreen.storyboard */,
			);
			path = "Supporting files";
			sourceTree = "<group>";
		};
		86EDAFF629A43AF7002B1738 /* App */ = {
			isa = PBXGroup;
			children = (
				86EDAFC029A3D79C002B1738 /* AppDelegate.swift */,
				86EDAFC229A3D79C002B1738 /* SceneDelegate.swift */,
			);
			path = App;
			sourceTree = "<group>";
		};
/* End PBXGroup section */

/* Begin PBXNativeTarget section */
		86EDAFBC29A3D79C002B1738 /* MyWaste */ = {
			isa = PBXNativeTarget;
			buildConfigurationList = 86EDAFE729A3D7A1002B1738 /* Build configuration list for PBXNativeTarget "MyWaste" */;
			buildPhases = (
				D181D42212C3BE59FAD3959C /* [CP] Check Pods Manifest.lock */,
				86EDAFB929A3D79C002B1738 /* Sources */,
				86EDAFBA29A3D79C002B1738 /* Frameworks */,
				86EDAFBB29A3D79C002B1738 /* Resources */,
				2CA8C1B9DB0CD06C280B6F8F /* [CP] Embed Pods Frameworks */,
			);
			buildRules = (
			);
			dependencies = (
			);
			name = MyWaste;
			productName = MyWaste;
			productReference = 86EDAFBD29A3D79C002B1738 /* MyWaste.app */;
			productType = "com.apple.product-type.application";
		};
		86EDAFD229A3D7A0002B1738 /* MyWasteTests */ = {
			isa = PBXNativeTarget;
			buildConfigurationList = 86EDAFEA29A3D7A1002B1738 /* Build configuration list for PBXNativeTarget "MyWasteTests" */;
			buildPhases = (
				C62EB8A0EC76C9A7F0510D38 /* [CP] Check Pods Manifest.lock */,
				86EDAFCF29A3D7A0002B1738 /* Sources */,
				86EDAFD029A3D7A0002B1738 /* Frameworks */,
				86EDAFD129A3D7A0002B1738 /* Resources */,
				5AAD53D6D18873DA96CBABCA /* [CP] Embed Pods Frameworks */,
			);
			buildRules = (
			);
			dependencies = (
				86EDAFD529A3D7A1002B1738 /* PBXTargetDependency */,
			);
			name = MyWasteTests;
			productName = MyWasteTests;
			productReference = 86EDAFD329A3D7A1002B1738 /* MyWasteTests.xctest */;
			productType = "com.apple.product-type.bundle.unit-test";
		};
		86EDAFDC29A3D7A1002B1738 /* MyWasteUITests */ = {
			isa = PBXNativeTarget;
			buildConfigurationList = 86EDAFED29A3D7A1002B1738 /* Build configuration list for PBXNativeTarget "MyWasteUITests" */;
			buildPhases = (
				530F090F8D60762A2F387E2B /* [CP] Check Pods Manifest.lock */,
				86EDAFD929A3D7A1002B1738 /* Sources */,
				86EDAFDA29A3D7A1002B1738 /* Frameworks */,
				86EDAFDB29A3D7A1002B1738 /* Resources */,
				F80CF0AD9F1FE19FC68FAF24 /* [CP] Embed Pods Frameworks */,
			);
			buildRules = (
			);
			dependencies = (
				86EDAFDF29A3D7A1002B1738 /* PBXTargetDependency */,
			);
			name = MyWasteUITests;
			productName = MyWasteUITests;
			productReference = 86EDAFDD29A3D7A1002B1738 /* MyWasteUITests.xctest */;
			productType = "com.apple.product-type.bundle.ui-testing";
		};
/* End PBXNativeTarget section */

/* Begin PBXProject section */
		86EDAFB529A3D79C002B1738 /* Project object */ = {
			isa = PBXProject;
			attributes = {
				BuildIndependentTargetsInParallel = 1;
				LastSwiftUpdateCheck = 1410;
				LastUpgradeCheck = 1410;
				TargetAttributes = {
					86EDAFBC29A3D79C002B1738 = {
						CreatedOnToolsVersion = 14.1;
					};
					86EDAFD229A3D7A0002B1738 = {
						CreatedOnToolsVersion = 14.1;
						TestTargetID = 86EDAFBC29A3D79C002B1738;
					};
					86EDAFDC29A3D7A1002B1738 = {
						CreatedOnToolsVersion = 14.1;
						TestTargetID = 86EDAFBC29A3D79C002B1738;
					};
				};
			};
			buildConfigurationList = 86EDAFB829A3D79C002B1738 /* Build configuration list for PBXProject "MyWaste" */;
			compatibilityVersion = "Xcode 14.0";
			developmentRegion = en;
			hasScannedForEncodings = 0;
			knownRegions = (
				en,
				Base,
			);
			mainGroup = 86EDAFB429A3D79C002B1738;
			productRefGroup = 86EDAFBE29A3D79C002B1738 /* Products */;
			projectDirPath = "";
			projectRoot = "";
			targets = (
				86EDAFBC29A3D79C002B1738 /* MyWaste */,
				86EDAFD229A3D7A0002B1738 /* MyWasteTests */,
				86EDAFDC29A3D7A1002B1738 /* MyWasteUITests */,
			);
		};
/* End PBXProject section */

/* Begin PBXResourcesBuildPhase section */
		86EDAFBB29A3D79C002B1738 /* Resources */ = {
			isa = PBXResourcesBuildPhase;
			buildActionMask = 2147483647;
			files = (
				86EDAFCD29A3D7A0002B1738 /* LaunchScreen.storyboard in Resources */,
				86EDAFCA29A3D7A0002B1738 /* Assets.xcassets in Resources */,
			);
			runOnlyForDeploymentPostprocessing = 0;
		};
		86EDAFD129A3D7A0002B1738 /* Resources */ = {
			isa = PBXResourcesBuildPhase;
			buildActionMask = 2147483647;
			files = (
			);
			runOnlyForDeploymentPostprocessing = 0;
		};
		86EDAFDB29A3D7A1002B1738 /* Resources */ = {
			isa = PBXResourcesBuildPhase;
			buildActionMask = 2147483647;
			files = (
			);
			runOnlyForDeploymentPostprocessing = 0;
		};
/* End PBXResourcesBuildPhase section */

/* Begin PBXShellScriptBuildPhase section */
		2CA8C1B9DB0CD06C280B6F8F /* [CP] Embed Pods Frameworks */ = {
			isa = PBXShellScriptBuildPhase;
			buildActionMask = 2147483647;
			files = (
			);
			inputFileListPaths = (
				"${PODS_ROOT}/Target Support Files/Pods-MyWaste/Pods-MyWaste-frameworks-${CONFIGURATION}-input-files.xcfilelist",
			);
			name = "[CP] Embed Pods Frameworks";
			outputFileListPaths = (
				"${PODS_ROOT}/Target Support Files/Pods-MyWaste/Pods-MyWaste-frameworks-${CONFIGURATION}-output-files.xcfilelist",
			);
			runOnlyForDeploymentPostprocessing = 0;
			shellPath = /bin/sh;
			shellScript = "\"${PODS_ROOT}/Target Support Files/Pods-MyWaste/Pods-MyWaste-frameworks.sh\"\n";
			showEnvVarsInLog = 0;
		};
		530F090F8D60762A2F387E2B /* [CP] Check Pods Manifest.lock */ = {
			isa = PBXShellScriptBuildPhase;
			buildActionMask = 2147483647;
			files = (
			);
			inputFileListPaths = (
			);
			inputPaths = (
				"${PODS_PODFILE_DIR_PATH}/Podfile.lock",
				"${PODS_ROOT}/Manifest.lock",
			);
			name = "[CP] Check Pods Manifest.lock";
			outputFileListPaths = (
			);
			outputPaths = (
				"$(DERIVED_FILE_DIR)/Pods-MyWaste-MyWasteUITests-checkManifestLockResult.txt",
			);
			runOnlyForDeploymentPostprocessing = 0;
			shellPath = /bin/sh;
			shellScript = "diff \"${PODS_PODFILE_DIR_PATH}/Podfile.lock\" \"${PODS_ROOT}/Manifest.lock\" > /dev/null\nif [ $? != 0 ] ; then\n    # print error to STDERR\n    echo \"error: The sandbox is not in sync with the Podfile.lock. Run 'pod install' or update your CocoaPods installation.\" >&2\n    exit 1\nfi\n# This output is used by Xcode 'outputs' to avoid re-running this script phase.\necho \"SUCCESS\" > \"${SCRIPT_OUTPUT_FILE_0}\"\n";
			showEnvVarsInLog = 0;
		};
		5AAD53D6D18873DA96CBABCA /* [CP] Embed Pods Frameworks */ = {
			isa = PBXShellScriptBuildPhase;
			buildActionMask = 2147483647;
			files = (
			);
			inputFileListPaths = (
				"${PODS_ROOT}/Target Support Files/Pods-MyWaste-MyWasteTests/Pods-MyWaste-MyWasteTests-frameworks-${CONFIGURATION}-input-files.xcfilelist",
			);
			name = "[CP] Embed Pods Frameworks";
			outputFileListPaths = (
				"${PODS_ROOT}/Target Support Files/Pods-MyWaste-MyWasteTests/Pods-MyWaste-MyWasteTests-frameworks-${CONFIGURATION}-output-files.xcfilelist",
			);
			runOnlyForDeploymentPostprocessing = 0;
			shellPath = /bin/sh;
			shellScript = "\"${PODS_ROOT}/Target Support Files/Pods-MyWaste-MyWasteTests/Pods-MyWaste-MyWasteTests-frameworks.sh\"\n";
			showEnvVarsInLog = 0;
		};
		C62EB8A0EC76C9A7F0510D38 /* [CP] Check Pods Manifest.lock */ = {
			isa = PBXShellScriptBuildPhase;
			buildActionMask = 2147483647;
			files = (
			);
			inputFileListPaths = (
			);
			inputPaths = (
				"${PODS_PODFILE_DIR_PATH}/Podfile.lock",
				"${PODS_ROOT}/Manifest.lock",
			);
			name = "[CP] Check Pods Manifest.lock";
			outputFileListPaths = (
			);
			outputPaths = (
				"$(DERIVED_FILE_DIR)/Pods-MyWaste-MyWasteTests-checkManifestLockResult.txt",
			);
			runOnlyForDeploymentPostprocessing = 0;
			shellPath = /bin/sh;
			shellScript = "diff \"${PODS_PODFILE_DIR_PATH}/Podfile.lock\" \"${PODS_ROOT}/Manifest.lock\" > /dev/null\nif [ $? != 0 ] ; then\n    # print error to STDERR\n    echo \"error: The sandbox is not in sync with the Podfile.lock. Run 'pod install' or update your CocoaPods installation.\" >&2\n    exit 1\nfi\n# This output is used by Xcode 'outputs' to avoid re-running this script phase.\necho \"SUCCESS\" > \"${SCRIPT_OUTPUT_FILE_0}\"\n";
			showEnvVarsInLog = 0;
		};
		D181D42212C3BE59FAD3959C /* [CP] Check Pods Manifest.lock */ = {
			isa = PBXShellScriptBuildPhase;
			buildActionMask = 2147483647;
			files = (
			);
			inputFileListPaths = (
			);
			inputPaths = (
				"${PODS_PODFILE_DIR_PATH}/Podfile.lock",
				"${PODS_ROOT}/Manifest.lock",
			);
			name = "[CP] Check Pods Manifest.lock";
			outputFileListPaths = (
			);
			outputPaths = (
				"$(DERIVED_FILE_DIR)/Pods-MyWaste-checkManifestLockResult.txt",
			);
			runOnlyForDeploymentPostprocessing = 0;
			shellPath = /bin/sh;
			shellScript = "diff \"${PODS_PODFILE_DIR_PATH}/Podfile.lock\" \"${PODS_ROOT}/Manifest.lock\" > /dev/null\nif [ $? != 0 ] ; then\n    # print error to STDERR\n    echo \"error: The sandbox is not in sync with the Podfile.lock. Run 'pod install' or update your CocoaPods installation.\" >&2\n    exit 1\nfi\n# This output is used by Xcode 'outputs' to avoid re-running this script phase.\necho \"SUCCESS\" > \"${SCRIPT_OUTPUT_FILE_0}\"\n";
			showEnvVarsInLog = 0;
		};
		F80CF0AD9F1FE19FC68FAF24 /* [CP] Embed Pods Frameworks */ = {
			isa = PBXShellScriptBuildPhase;
			buildActionMask = 2147483647;
			files = (
			);
			inputFileListPaths = (
				"${PODS_ROOT}/Target Support Files/Pods-MyWaste-MyWasteUITests/Pods-MyWaste-MyWasteUITests-frameworks-${CONFIGURATION}-input-files.xcfilelist",
			);
			name = "[CP] Embed Pods Frameworks";
			outputFileListPaths = (
				"${PODS_ROOT}/Target Support Files/Pods-MyWaste-MyWasteUITests/Pods-MyWaste-MyWasteUITests-frameworks-${CONFIGURATION}-output-files.xcfilelist",
			);
			runOnlyForDeploymentPostprocessing = 0;
			shellPath = /bin/sh;
			shellScript = "\"${PODS_ROOT}/Target Support Files/Pods-MyWaste-MyWasteUITests/Pods-MyWaste-MyWasteUITests-frameworks.sh\"\n";
			showEnvVarsInLog = 0;
		};
/* End PBXShellScriptBuildPhase section */

/* Begin PBXSourcesBuildPhase section */
		86EDAFB929A3D79C002B1738 /* Sources */ = {
			isa = PBXSourcesBuildPhase;
			buildActionMask = 2147483647;
			files = (
				86EDAFC529A3D79C002B1738 /* ViewController.swift in Sources */,
				86EDAFC129A3D79C002B1738 /* AppDelegate.swift in Sources */,
				865A960729A53118002963BC /* CollectionBinView.swift in Sources */,
				865A960429A507E3002963BC /* CollectionDayViewInfo.swift in Sources */,
				86EDAFF329A42F17002B1738 /* AddBinViewController.swift in Sources */,
				865A960929A5384F002963BC /* CalendarView.swift in Sources */,
				86EDAFF129A422C6002B1738 /* BinCollectionViewCell.swift in Sources */,
				86EDAFC329A3D79C002B1738 /* SceneDelegate.swift in Sources */,
				865A960229A5015F002963BC /* CollectionDayView.swift in Sources */,
			);
			runOnlyForDeploymentPostprocessing = 0;
		};
		86EDAFCF29A3D7A0002B1738 /* Sources */ = {
			isa = PBXSourcesBuildPhase;
			buildActionMask = 2147483647;
			files = (
				86EDAFD829A3D7A1002B1738 /* MyWasteTests.swift in Sources */,
			);
			runOnlyForDeploymentPostprocessing = 0;
		};
		86EDAFD929A3D7A1002B1738 /* Sources */ = {
			isa = PBXSourcesBuildPhase;
			buildActionMask = 2147483647;
			files = (
				86EDAFE229A3D7A1002B1738 /* MyWasteUITests.swift in Sources */,
				86EDAFE429A3D7A1002B1738 /* MyWasteUITestsLaunchTests.swift in Sources */,
			);
			runOnlyForDeploymentPostprocessing = 0;
		};
/* End PBXSourcesBuildPhase section */

/* Begin PBXTargetDependency section */
		86EDAFD529A3D7A1002B1738 /* PBXTargetDependency */ = {
			isa = PBXTargetDependency;
			target = 86EDAFBC29A3D79C002B1738 /* MyWaste */;
			targetProxy = 86EDAFD429A3D7A1002B1738 /* PBXContainerItemProxy */;
		};
		86EDAFDF29A3D7A1002B1738 /* PBXTargetDependency */ = {
			isa = PBXTargetDependency;
			target = 86EDAFBC29A3D79C002B1738 /* MyWaste */;
			targetProxy = 86EDAFDE29A3D7A1002B1738 /* PBXContainerItemProxy */;
		};
/* End PBXTargetDependency section */

/* Begin PBXVariantGroup section */
		86EDAFCB29A3D7A0002B1738 /* LaunchScreen.storyboard */ = {
			isa = PBXVariantGroup;
			children = (
				86EDAFCC29A3D7A0002B1738 /* Base */,
			);
			name = LaunchScreen.storyboard;
			sourceTree = "<group>";
		};
/* End PBXVariantGroup section */

/* Begin XCBuildConfiguration section */
		86EDAFE529A3D7A1002B1738 /* Debug */ = {
			isa = XCBuildConfiguration;
			buildSettings = {
				ALWAYS_SEARCH_USER_PATHS = NO;
				CLANG_ANALYZER_NONNULL = YES;
				CLANG_ANALYZER_NUMBER_OBJECT_CONVERSION = YES_AGGRESSIVE;
				CLANG_CXX_LANGUAGE_STANDARD = "gnu++20";
				CLANG_ENABLE_MODULES = YES;
				CLANG_ENABLE_OBJC_ARC = YES;
				CLANG_ENABLE_OBJC_WEAK = YES;
				CLANG_WARN_BLOCK_CAPTURE_AUTORELEASING = YES;
				CLANG_WARN_BOOL_CONVERSION = YES;
				CLANG_WARN_COMMA = YES;
				CLANG_WARN_CONSTANT_CONVERSION = YES;
				CLANG_WARN_DEPRECATED_OBJC_IMPLEMENTATIONS = YES;
				CLANG_WARN_DIRECT_OBJC_ISA_USAGE = YES_ERROR;
				CLANG_WARN_DOCUMENTATION_COMMENTS = YES;
				CLANG_WARN_EMPTY_BODY = YES;
				CLANG_WARN_ENUM_CONVERSION = YES;
				CLANG_WARN_INFINITE_RECURSION = YES;
				CLANG_WARN_INT_CONVERSION = YES;
				CLANG_WARN_NON_LITERAL_NULL_CONVERSION = YES;
				CLANG_WARN_OBJC_IMPLICIT_RETAIN_SELF = YES;
				CLANG_WARN_OBJC_LITERAL_CONVERSION = YES;
				CLANG_WARN_OBJC_ROOT_CLASS = YES_ERROR;
				CLANG_WARN_QUOTED_INCLUDE_IN_FRAMEWORK_HEADER = YES;
				CLANG_WARN_RANGE_LOOP_ANALYSIS = YES;
				CLANG_WARN_STRICT_PROTOTYPES = YES;
				CLANG_WARN_SUSPICIOUS_MOVE = YES;
				CLANG_WARN_UNGUARDED_AVAILABILITY = YES_AGGRESSIVE;
				CLANG_WARN_UNREACHABLE_CODE = YES;
				CLANG_WARN__DUPLICATE_METHOD_MATCH = YES;
				COPY_PHASE_STRIP = NO;
				DEBUG_INFORMATION_FORMAT = dwarf;
				ENABLE_STRICT_OBJC_MSGSEND = YES;
				ENABLE_TESTABILITY = YES;
				GCC_C_LANGUAGE_STANDARD = gnu11;
				GCC_DYNAMIC_NO_PIC = NO;
				GCC_NO_COMMON_BLOCKS = YES;
				GCC_OPTIMIZATION_LEVEL = 0;
				GCC_PREPROCESSOR_DEFINITIONS = (
					"DEBUG=1",
					"$(inherited)",
				);
				GCC_WARN_64_TO_32_BIT_CONVERSION = YES;
				GCC_WARN_ABOUT_RETURN_TYPE = YES_ERROR;
				GCC_WARN_UNDECLARED_SELECTOR = YES;
				GCC_WARN_UNINITIALIZED_AUTOS = YES_AGGRESSIVE;
				GCC_WARN_UNUSED_FUNCTION = YES;
				GCC_WARN_UNUSED_VARIABLE = YES;
				IPHONEOS_DEPLOYMENT_TARGET = 16.1;
				MTL_ENABLE_DEBUG_INFO = INCLUDE_SOURCE;
				MTL_FAST_MATH = YES;
				ONLY_ACTIVE_ARCH = YES;
				SDKROOT = iphoneos;
				SWIFT_ACTIVE_COMPILATION_CONDITIONS = DEBUG;
				SWIFT_OPTIMIZATION_LEVEL = "-Onone";
			};
			name = Debug;
		};
		86EDAFE629A3D7A1002B1738 /* Release */ = {
			isa = XCBuildConfiguration;
			buildSettings = {
				ALWAYS_SEARCH_USER_PATHS = NO;
				CLANG_ANALYZER_NONNULL = YES;
				CLANG_ANALYZER_NUMBER_OBJECT_CONVERSION = YES_AGGRESSIVE;
				CLANG_CXX_LANGUAGE_STANDARD = "gnu++20";
				CLANG_ENABLE_MODULES = YES;
				CLANG_ENABLE_OBJC_ARC = YES;
				CLANG_ENABLE_OBJC_WEAK = YES;
				CLANG_WARN_BLOCK_CAPTURE_AUTORELEASING = YES;
				CLANG_WARN_BOOL_CONVERSION = YES;
				CLANG_WARN_COMMA = YES;
				CLANG_WARN_CONSTANT_CONVERSION = YES;
				CLANG_WARN_DEPRECATED_OBJC_IMPLEMENTATIONS = YES;
				CLANG_WARN_DIRECT_OBJC_ISA_USAGE = YES_ERROR;
				CLANG_WARN_DOCUMENTATION_COMMENTS = YES;
				CLANG_WARN_EMPTY_BODY = YES;
				CLANG_WARN_ENUM_CONVERSION = YES;
				CLANG_WARN_INFINITE_RECURSION = YES;
				CLANG_WARN_INT_CONVERSION = YES;
				CLANG_WARN_NON_LITERAL_NULL_CONVERSION = YES;
				CLANG_WARN_OBJC_IMPLICIT_RETAIN_SELF = YES;
				CLANG_WARN_OBJC_LITERAL_CONVERSION = YES;
				CLANG_WARN_OBJC_ROOT_CLASS = YES_ERROR;
				CLANG_WARN_QUOTED_INCLUDE_IN_FRAMEWORK_HEADER = YES;
				CLANG_WARN_RANGE_LOOP_ANALYSIS = YES;
				CLANG_WARN_STRICT_PROTOTYPES = YES;
				CLANG_WARN_SUSPICIOUS_MOVE = YES;
				CLANG_WARN_UNGUARDED_AVAILABILITY = YES_AGGRESSIVE;
				CLANG_WARN_UNREACHABLE_CODE = YES;
				CLANG_WARN__DUPLICATE_METHOD_MATCH = YES;
				COPY_PHASE_STRIP = NO;
				DEBUG_INFORMATION_FORMAT = "dwarf-with-dsym";
				ENABLE_NS_ASSERTIONS = NO;
				ENABLE_STRICT_OBJC_MSGSEND = YES;
				GCC_C_LANGUAGE_STANDARD = gnu11;
				GCC_NO_COMMON_BLOCKS = YES;
				GCC_WARN_64_TO_32_BIT_CONVERSION = YES;
				GCC_WARN_ABOUT_RETURN_TYPE = YES_ERROR;
				GCC_WARN_UNDECLARED_SELECTOR = YES;
				GCC_WARN_UNINITIALIZED_AUTOS = YES_AGGRESSIVE;
				GCC_WARN_UNUSED_FUNCTION = YES;
				GCC_WARN_UNUSED_VARIABLE = YES;
				IPHONEOS_DEPLOYMENT_TARGET = 16.1;
				MTL_ENABLE_DEBUG_INFO = NO;
				MTL_FAST_MATH = YES;
				SDKROOT = iphoneos;
				SWIFT_COMPILATION_MODE = wholemodule;
				SWIFT_OPTIMIZATION_LEVEL = "-O";
				VALIDATE_PRODUCT = YES;
			};
			name = Release;
		};
		86EDAFE829A3D7A1002B1738 /* Debug */ = {
			isa = XCBuildConfiguration;
			baseConfigurationReference = 1F3286B7CC4C2DF2D9B1241B /* Pods-MyWaste.debug.xcconfig */;
			buildSettings = {
				ASSETCATALOG_COMPILER_APPICON_NAME = AppIcon;
				ASSETCATALOG_COMPILER_GLOBAL_ACCENT_COLOR_NAME = AccentColor;
				CODE_SIGN_STYLE = Automatic;
				CURRENT_PROJECT_VERSION = 1;
				DEVELOPMENT_TEAM = UWD3FW95SL;
				GENERATE_INFOPLIST_FILE = YES;
				INFOPLIST_FILE = MyWaste/Info.plist;
				INFOPLIST_KEY_UIApplicationSupportsIndirectInputEvents = YES;
				INFOPLIST_KEY_UILaunchStoryboardName = LaunchScreen;
				INFOPLIST_KEY_UISupportedInterfaceOrientations_iPad = "UIInterfaceOrientationPortrait UIInterfaceOrientationPortraitUpsideDown UIInterfaceOrientationLandscapeLeft UIInterfaceOrientationLandscapeRight";
				INFOPLIST_KEY_UISupportedInterfaceOrientations_iPhone = "UIInterfaceOrientationPortrait UIInterfaceOrientationLandscapeLeft UIInterfaceOrientationLandscapeRight";
				LD_RUNPATH_SEARCH_PATHS = (
					"$(inherited)",
					"@executable_path/Frameworks",
				);
				MARKETING_VERSION = 1.0;
				PRODUCT_BUNDLE_IDENTIFIER = com.markgo.MyWaste;
				PRODUCT_NAME = "$(TARGET_NAME)";
				SWIFT_EMIT_LOC_STRINGS = YES;
				SWIFT_VERSION = 5.0;
				TARGETED_DEVICE_FAMILY = "1,2";
			};
			name = Debug;
		};
		86EDAFE929A3D7A1002B1738 /* Release */ = {
			isa = XCBuildConfiguration;
			baseConfigurationReference = EA8E0A5073B1E838B4F0977F /* Pods-MyWaste.release.xcconfig */;
			buildSettings = {
				ASSETCATALOG_COMPILER_APPICON_NAME = AppIcon;
				ASSETCATALOG_COMPILER_GLOBAL_ACCENT_COLOR_NAME = AccentColor;
				CODE_SIGN_STYLE = Automatic;
				CURRENT_PROJECT_VERSION = 1;
				DEVELOPMENT_TEAM = UWD3FW95SL;
				GENERATE_INFOPLIST_FILE = YES;
				INFOPLIST_FILE = MyWaste/Info.plist;
				INFOPLIST_KEY_UIApplicationSupportsIndirectInputEvents = YES;
				INFOPLIST_KEY_UILaunchStoryboardName = LaunchScreen;
				INFOPLIST_KEY_UISupportedInterfaceOrientations_iPad = "UIInterfaceOrientationPortrait UIInterfaceOrientationPortraitUpsideDown UIInterfaceOrientationLandscapeLeft UIInterfaceOrientationLandscapeRight";
				INFOPLIST_KEY_UISupportedInterfaceOrientations_iPhone = "UIInterfaceOrientationPortrait UIInterfaceOrientationLandscapeLeft UIInterfaceOrientationLandscapeRight";
				LD_RUNPATH_SEARCH_PATHS = (
					"$(inherited)",
					"@executable_path/Frameworks",
				);
				MARKETING_VERSION = 1.0;
				PRODUCT_BUNDLE_IDENTIFIER = com.markgo.MyWaste;
				PRODUCT_NAME = "$(TARGET_NAME)";
				SWIFT_EMIT_LOC_STRINGS = YES;
				SWIFT_VERSION = 5.0;
				TARGETED_DEVICE_FAMILY = "1,2";
			};
			name = Release;
		};
		86EDAFEB29A3D7A1002B1738 /* Debug */ = {
			isa = XCBuildConfiguration;
			baseConfigurationReference = DD9E3E8C0196FD1D89584EF7 /* Pods-MyWaste-MyWasteTests.debug.xcconfig */;
			buildSettings = {
				ALWAYS_EMBED_SWIFT_STANDARD_LIBRARIES = YES;
				BUNDLE_LOADER = "$(TEST_HOST)";
				CODE_SIGN_STYLE = Automatic;
				CURRENT_PROJECT_VERSION = 1;
				DEVELOPMENT_TEAM = UWD3FW95SL;
				GENERATE_INFOPLIST_FILE = YES;
				IPHONEOS_DEPLOYMENT_TARGET = 16.1;
				MARKETING_VERSION = 1.0;
				PRODUCT_BUNDLE_IDENTIFIER = com.markgo.MyWasteTests;
				PRODUCT_NAME = "$(TARGET_NAME)";
				SWIFT_EMIT_LOC_STRINGS = NO;
				SWIFT_VERSION = 5.0;
				TARGETED_DEVICE_FAMILY = "1,2";
				TEST_HOST = "$(BUILT_PRODUCTS_DIR)/MyWaste.app/$(BUNDLE_EXECUTABLE_FOLDER_PATH)/MyWaste";
			};
			name = Debug;
		};
		86EDAFEC29A3D7A1002B1738 /* Release */ = {
			isa = XCBuildConfiguration;
			baseConfigurationReference = 1919AAE013D9690D22E008B7 /* Pods-MyWaste-MyWasteTests.release.xcconfig */;
			buildSettings = {
				ALWAYS_EMBED_SWIFT_STANDARD_LIBRARIES = YES;
				BUNDLE_LOADER = "$(TEST_HOST)";
				CODE_SIGN_STYLE = Automatic;
				CURRENT_PROJECT_VERSION = 1;
				DEVELOPMENT_TEAM = UWD3FW95SL;
				GENERATE_INFOPLIST_FILE = YES;
				IPHONEOS_DEPLOYMENT_TARGET = 16.1;
				MARKETING_VERSION = 1.0;
				PRODUCT_BUNDLE_IDENTIFIER = com.markgo.MyWasteTests;
				PRODUCT_NAME = "$(TARGET_NAME)";
				SWIFT_EMIT_LOC_STRINGS = NO;
				SWIFT_VERSION = 5.0;
				TARGETED_DEVICE_FAMILY = "1,2";
				TEST_HOST = "$(BUILT_PRODUCTS_DIR)/MyWaste.app/$(BUNDLE_EXECUTABLE_FOLDER_PATH)/MyWaste";
			};
			name = Release;
		};
		86EDAFEE29A3D7A1002B1738 /* Debug */ = {
			isa = XCBuildConfiguration;
			baseConfigurationReference = 42D88A96F99467C5ED4C512B /* Pods-MyWaste-MyWasteUITests.debug.xcconfig */;
			buildSettings = {
				ALWAYS_EMBED_SWIFT_STANDARD_LIBRARIES = YES;
				CODE_SIGN_STYLE = Automatic;
				CURRENT_PROJECT_VERSION = 1;
				DEVELOPMENT_TEAM = UWD3FW95SL;
				GENERATE_INFOPLIST_FILE = YES;
				MARKETING_VERSION = 1.0;
				PRODUCT_BUNDLE_IDENTIFIER = com.markgo.MyWasteUITests;
				PRODUCT_NAME = "$(TARGET_NAME)";
				SWIFT_EMIT_LOC_STRINGS = NO;
				SWIFT_VERSION = 5.0;
				TARGETED_DEVICE_FAMILY = "1,2";
				TEST_TARGET_NAME = MyWaste;
			};
			name = Debug;
		};
		86EDAFEF29A3D7A1002B1738 /* Release */ = {
			isa = XCBuildConfiguration;
			baseConfigurationReference = E6C6BB50A28FB0FFF52FD1BF /* Pods-MyWaste-MyWasteUITests.release.xcconfig */;
			buildSettings = {
				ALWAYS_EMBED_SWIFT_STANDARD_LIBRARIES = YES;
				CODE_SIGN_STYLE = Automatic;
				CURRENT_PROJECT_VERSION = 1;
				DEVELOPMENT_TEAM = UWD3FW95SL;
				GENERATE_INFOPLIST_FILE = YES;
				MARKETING_VERSION = 1.0;
				PRODUCT_BUNDLE_IDENTIFIER = com.markgo.MyWasteUITests;
				PRODUCT_NAME = "$(TARGET_NAME)";
				SWIFT_EMIT_LOC_STRINGS = NO;
				SWIFT_VERSION = 5.0;
				TARGETED_DEVICE_FAMILY = "1,2";
				TEST_TARGET_NAME = MyWaste;
			};
			name = Release;
		};
/* End XCBuildConfiguration section */

/* Begin XCConfigurationList section */
		86EDAFB829A3D79C002B1738 /* Build configuration list for PBXProject "MyWaste" */ = {
			isa = XCConfigurationList;
			buildConfigurations = (
				86EDAFE529A3D7A1002B1738 /* Debug */,
				86EDAFE629A3D7A1002B1738 /* Release */,
			);
			defaultConfigurationIsVisible = 0;
			defaultConfigurationName = Release;
		};
		86EDAFE729A3D7A1002B1738 /* Build configuration list for PBXNativeTarget "MyWaste" */ = {
			isa = XCConfigurationList;
			buildConfigurations = (
				86EDAFE829A3D7A1002B1738 /* Debug */,
				86EDAFE929A3D7A1002B1738 /* Release */,
			);
			defaultConfigurationIsVisible = 0;
			defaultConfigurationName = Release;
		};
		86EDAFEA29A3D7A1002B1738 /* Build configuration list for PBXNativeTarget "MyWasteTests" */ = {
			isa = XCConfigurationList;
			buildConfigurations = (
				86EDAFEB29A3D7A1002B1738 /* Debug */,
				86EDAFEC29A3D7A1002B1738 /* Release */,
			);
			defaultConfigurationIsVisible = 0;
			defaultConfigurationName = Release;
		};
		86EDAFED29A3D7A1002B1738 /* Build configuration list for PBXNativeTarget "MyWasteUITests" */ = {
			isa = XCConfigurationList;
			buildConfigurations = (
				86EDAFEE29A3D7A1002B1738 /* Debug */,
				86EDAFEF29A3D7A1002B1738 /* Release */,
			);
			defaultConfigurationIsVisible = 0;
			defaultConfigurationName = Release;
		};
/* End XCConfigurationList section */
	};
	rootObject = 86EDAFB529A3D79C002B1738 /* Project object */;
}
